
Microsoft Visual Studio Solution File, Format Version 12.00
# Visual Studio 16
Project("{FAE04EC0-301F-11D3-BF4B-00C04F79EFBC}") = "Assembly-CSharp", "Assembly-CSharp.csproj", "{CC7BA6B3-145C-3C13-2E07-61EA39E3CCCF}"
EndProject
Global
	GlobalSection(SolutionConfigurationPlatforms) = preSolution
		Debug|Any CPU = Debug|Any CPU
		Release|Any CPU = Release|Any CPU
	EndGlobalSection
	GlobalSection(ProjectConfigurationPlatforms) = postSolution
		{CC7BA6B3-145C-3C13-2E07-61EA39E3CCCF}.Debug|Any CPU.ActiveCfg = Debug|Any CPU
		{CC7BA6B3-145C-3C13-2E07-61EA39E3CCCF}.Debug|Any CPU.Build.0 = Debug|Any CPU
		{CC7BA6B3-145C-3C13-2E07-61EA39E3CCCF}.Release|Any CPU.ActiveCfg = Release|Any CPU
		{CC7BA6B3-145C-3C13-2E07-61EA39E3CCCF}.Release|Any CPU.Build.0 = Release|Any CPU
	EndGlobalSection
	GlobalSection(SolutionProperties) = preSolution
		HideSolutionNode = FALSE
	EndGlobalSection
EndGlobal
